
Microsoft Visual Studio Solution File, Format Version 12.00
# Visual Studio Version 17
VisualStudioVersion = 17.0.31903.59
MinimumVisualStudioVersion = 10.0.40219.1
Project("{FAE04EC0-301F-11D3-BF4B-00C04F79EFBC}") = "tareablazorserver", "tareablazorserver\tareablazorserver.csproj", "{44CCBF94-D56E-4585-8008-3C780556A882}"
EndProject
Global
	GlobalSection(SolutionConfigurationPlatforms) = preSolution
		Debug|Any CPU = Debug|Any CPU
		Release|Any CPU = Release|Any CPU
	EndGlobalSection
	GlobalSection(ProjectConfigurationPlatforms) = postSolution
		{44CCBF94-D56E-4585-8008-3C780556A882}.Debug|Any CPU.ActiveCfg = Debug|Any CPU
		{44CCBF94-D56E-4585-8008-3C780556A882}.Debug|Any CPU.Build.0 = Debug|Any CPU
		{44CCBF94-D56E-4585-8008-3C780556A882}.Release|Any CPU.ActiveCfg = Release|Any CPU
		{44CCBF94-D56E-4585-8008-3C780556A882}.Release|Any CPU.Build.0 = Release|Any CPU
	EndGlobalSection
	GlobalSection(SolutionProperties) = preSolution
		HideSolutionNode = FALSE
	EndGlobalSection
	GlobalSection(ExtensibilityGlobals) = postSolution
		SolutionGuid = {AA853646-4439-43CF-92DC-9B39667AFBE1}
	EndGlobalSection
EndGlobal
